
Microsoft Visual Studio Solution File, Format Version 12.00
# Visual Studio 15
VisualStudioVersion = 15.0.28307.757
MinimumVisualStudioVersion = 10.0.40219.1
Project("{FAE04EC0-301F-11D3-BF4B-00C04F79EFBC}") = "CoreAppConsolGenerator", "CoreAppConsolGenerator\CoreAppConsolGenerator.csproj", "{B0FA7EAF-7F5A-4A08-81EE-06E6BA9A9381}"
EndProject
Global
	GlobalSection(SolutionConfigurationPlatforms) = preSolution
		Debug|Any CPU = Debug|Any CPU
		Release|Any CPU = Release|Any CPU
	EndGlobalSection
	GlobalSection(ProjectConfigurationPlatforms) = postSolution
		{B0FA7EAF-7F5A-4A08-81EE-06E6BA9A9381}.Debug|Any CPU.ActiveCfg = Debug|Any CPU
		{B0FA7EAF-7F5A-4A08-81EE-06E6BA9A9381}.Debug|Any CPU.Build.0 = Debug|Any CPU
		{B0FA7EAF-7F5A-4A08-81EE-06E6BA9A9381}.Release|Any CPU.ActiveCfg = Release|Any CPU
		{B0FA7EAF-7F5A-4A08-81EE-06E6BA9A9381}.Release|Any CPU.Build.0 = Release|Any CPU
	EndGlobalSection
	GlobalSection(SolutionProperties) = preSolution
		HideSolutionNode = FALSE
	EndGlobalSection
	GlobalSection(ExtensibilityGlobals) = postSolution
		SolutionGuid = {FC9492DE-D7C5-4495-A57F-78B6F0022AD6}
	EndGlobalSection
EndGlobal
